// !$*UTF8*$!
{
	archiveVersion = 1;
	classes = {
	};
	objectVersion = 51;
	objects = {

/* Begin PBXBuildFile section */
		49092C86CE68684EC175B374 /* Pods_AnimationIOS_AnimationIOSUITests.framework in Frameworks */ = {isa = PBXBuildFile; fileRef = 2C622E1E6E59B0B24041DD8E /* Pods_AnimationIOS_AnimationIOSUITests.framework */; };
		7B670CC3F71F3D65D345DF33 /* Pods_AnimationIOS.framework in Frameworks */ = {isa = PBXBuildFile; fileRef = 76D72394653F177125CAF01E /* Pods_AnimationIOS.framework */; };
		947B9DB9A9CE4F5AC6921971 /* Pods_AnimationIOSTests.framework in Frameworks */ = {isa = PBXBuildFile; fileRef = FA9C44FA90FC470C9AFB4197 /* Pods_AnimationIOSTests.framework */; };
		FF13DB5526305D5F00D7BFA8 /* AppDelegate.swift in Sources */ = {isa = PBXBuildFile; fileRef = FF13DB5426305D5F00D7BFA8 /* AppDelegate.swift */; };
		FF13DB5726305D5F00D7BFA8 /* SceneDelegate.swift in Sources */ = {isa = PBXBuildFile; fileRef = FF13DB5626305D5F00D7BFA8 /* SceneDelegate.swift */; };
		FF13DB5926305D5F00D7BFA8 /* ViewController.swift in Sources */ = {isa = PBXBuildFile; fileRef = FF13DB5826305D5F00D7BFA8 /* ViewController.swift */; };
		FF13DB5C26305D5F00D7BFA8 /* Main.storyboard in Resources */ = {isa = PBXBuildFile; fileRef = FF13DB5A26305D5F00D7BFA8 /* Main.storyboard */; };
		FF13DB5E26305D6000D7BFA8 /* Assets.xcassets in Resources */ = {isa = PBXBuildFile; fileRef = FF13DB5D26305D6000D7BFA8 /* Assets.xcassets */; };
		FF13DB6126305D6000D7BFA8 /* LaunchScreen.storyboard in Resources */ = {isa = PBXBuildFile; fileRef = FF13DB5F26305D6000D7BFA8 /* LaunchScreen.storyboard */; };
		FF13DB6C26305D6100D7BFA8 /* AnimationIOSTests.swift in Sources */ = {isa = PBXBuildFile; fileRef = FF13DB6B26305D6100D7BFA8 /* AnimationIOSTests.swift */; };
		FF13DB7726305D6100D7BFA8 /* AnimationIOSUITests.swift in Sources */ = {isa = PBXBuildFile; fileRef = FF13DB7626305D6100D7BFA8 /* AnimationIOSUITests.swift */; };
		FF70CADA263D9D420017F5ED /* AntOneListener.swift in Sources */ = {isa = PBXBuildFile; fileRef = FF70CAD9263D9D420017F5ED /* AntOneListener.swift */; };
		FF70CAE2263D9DE20017F5ED /* AntTwoListener.swift in Sources */ = {isa = PBXBuildFile; fileRef = FF70CAE1263D9DE20017F5ED /* AntTwoListener.swift */; };
/* End PBXBuildFile section */

/* Begin PBXContainerItemProxy section */
		FF13DB6826305D6100D7BFA8 /* PBXContainerItemProxy */ = {
			isa = PBXContainerItemProxy;
			containerPortal = FF13DB4926305D5F00D7BFA8 /* Project object */;
			proxyType = 1;
			remoteGlobalIDString = FF13DB5026305D5F00D7BFA8;
			remoteInfo = AnimationIOS;
		};
		FF13DB7326305D6100D7BFA8 /* PBXContainerItemProxy */ = {
			isa = PBXContainerItemProxy;
			containerPortal = FF13DB4926305D5F00D7BFA8 /* Project object */;
			proxyType = 1;
			remoteGlobalIDString = FF13DB5026305D5F00D7BFA8;
			remoteInfo = AnimationIOS;
		};
/* End PBXContainerItemProxy section */

/* Begin PBXFileReference section */
		0471672CE0A726711DE940C7 /* Pods-AnimationIOS.debug.xcconfig */ = {isa = PBXFileReference; includeInIndex = 1; lastKnownFileType = text.xcconfig; name = "Pods-AnimationIOS.debug.xcconfig"; path = "Target Support Files/Pods-AnimationIOS/Pods-AnimationIOS.debug.xcconfig"; sourceTree = "<group>"; };
		2C622E1E6E59B0B24041DD8E /* Pods_AnimationIOS_AnimationIOSUITests.framework */ = {isa = PBXFileReference; explicitFileType = wrapper.framework; includeInIndex = 0; path = Pods_AnimationIOS_AnimationIOSUITests.framework; sourceTree = BUILT_PRODUCTS_DIR; };
		2F2A9B3276224695F0AD1B5D /* Pods-AnimationIOS-AnimationIOSUITests.release.xcconfig */ = {isa = PBXFileReference; includeInIndex = 1; lastKnownFileType = text.xcconfig; name = "Pods-AnimationIOS-AnimationIOSUITests.release.xcconfig"; path = "Target Support Files/Pods-AnimationIOS-AnimationIOSUITests/Pods-AnimationIOS-AnimationIOSUITests.release.xcconfig"; sourceTree = "<group>"; };
		42602B5046D40898306EB55F /* Pods-AnimationIOS-AnimationIOSUITests.debug.xcconfig */ = {isa = PBXFileReference; includeInIndex = 1; lastKnownFileType = text.xcconfig; name = "Pods-AnimationIOS-AnimationIOSUITests.debug.xcconfig"; path = "Target Support Files/Pods-AnimationIOS-AnimationIOSUITests/Pods-AnimationIOS-AnimationIOSUITests.debug.xcconfig"; sourceTree = "<group>"; };
		602A3B6745B5864DB3C0EF5E /* Pods-AnimationIOSTests.debug.xcconfig */ = {isa = PBXFileReference; includeInIndex = 1; lastKnownFileType = text.xcconfig; name = "Pods-AnimationIOSTests.debug.xcconfig"; path = "Target Support Files/Pods-AnimationIOSTests/Pods-AnimationIOSTests.debug.xcconfig"; sourceTree = "<group>"; };
		6F4F30470C31DE18D2EAAD54 /* Pods-AnimationIOSTests.release.xcconfig */ = {isa = PBXFileReference; includeInIndex = 1; lastKnownFileType = text.xcconfig; name = "Pods-AnimationIOSTests.release.xcconfig"; path = "Target Support Files/Pods-AnimationIOSTests/Pods-AnimationIOSTests.release.xcconfig"; sourceTree = "<group>"; };
		76D72394653F177125CAF01E /* Pods_AnimationIOS.framework */ = {isa = PBXFileReference; explicitFileType = wrapper.framework; includeInIndex = 0; path = Pods_AnimationIOS.framework; sourceTree = BUILT_PRODUCTS_DIR; };
		7BE64EB8F03BB7DB9AF312E1 /* Pods-AnimationIOS.release.xcconfig */ = {isa = PBXFileReference; includeInIndex = 1; lastKnownFileType = text.xcconfig; name = "Pods-AnimationIOS.release.xcconfig"; path = "Target Support Files/Pods-AnimationIOS/Pods-AnimationIOS.release.xcconfig"; sourceTree = "<group>"; };
		FA9C44FA90FC470C9AFB4197 /* Pods_AnimationIOSTests.framework */ = {isa = PBXFileReference; explicitFileType = wrapper.framework; includeInIndex = 0; path = Pods_AnimationIOSTests.framework; sourceTree = BUILT_PRODUCTS_DIR; };
		FF13DB5126305D5F00D7BFA8 /* AnimationIOS.app */ = {isa = PBXFileReference; explicitFileType = wrapper.application; includeInIndex = 0; path = AnimationIOS.app; sourceTree = BUILT_PRODUCTS_DIR; };
		FF13DB5426305D5F00D7BFA8 /* AppDelegate.swift */ = {isa = PBXFileReference; lastKnownFileType = sourcecode.swift; path = AppDelegate.swift; sourceTree = "<group>"; };
		FF13DB5626305D5F00D7BFA8 /* SceneDelegate.swift */ = {isa = PBXFileReference; lastKnownFileType = sourcecode.swift; path = SceneDelegate.swift; sourceTree = "<group>"; };
		FF13DB5826305D5F00D7BFA8 /* ViewController.swift */ = {isa = PBXFileReference; lastKnownFileType = sourcecode.swift; path = ViewController.swift; sourceTree = "<group>"; };
		FF13DB5B26305D5F00D7BFA8 /* Base */ = {isa = PBXFileReference; lastKnownFileType = file.storyboard; name = Base; path = Base.lproj/Main.storyboard; sourceTree = "<group>"; };
		FF13DB5D26305D6000D7BFA8 /* Assets.xcassets */ = {isa = PBXFileReference; lastKnownFileType = folder.assetcatalog; path = Assets.xcassets; sourceTree = "<group>"; };
		FF13DB6026305D6000D7BFA8 /* Base */ = {isa = PBXFileReference; lastKnownFileType = file.storyboard; name = Base; path = Base.lproj/LaunchScreen.storyboard; sourceTree = "<group>"; };
		FF13DB6226305D6000D7BFA8 /* Info.plist */ = {isa = PBXFileReference; lastKnownFileType = text.plist.xml; path = Info.plist; sourceTree = "<group>"; };
		FF13DB6726305D6100D7BFA8 /* AnimationIOSTests.xctest */ = {isa = PBXFileReference; explicitFileType = wrapper.cfbundle; includeInIndex = 0; path = AnimationIOSTests.xctest; sourceTree = BUILT_PRODUCTS_DIR; };
		FF13DB6B26305D6100D7BFA8 /* AnimationIOSTests.swift */ = {isa = PBXFileReference; lastKnownFileType = sourcecode.swift; path = AnimationIOSTests.swift; sourceTree = "<group>"; };
		FF13DB6D26305D6100D7BFA8 /* Info.plist */ = {isa = PBXFileReference; lastKnownFileType = text.plist.xml; path = Info.plist; sourceTree = "<group>"; };
		FF13DB7226305D6100D7BFA8 /* AnimationIOSUITests.xctest */ = {isa = PBXFileReference; explicitFileType = wrapper.cfbundle; includeInIndex = 0; path = AnimationIOSUITests.xctest; sourceTree = BUILT_PRODUCTS_DIR; };
		FF13DB7626305D6100D7BFA8 /* AnimationIOSUITests.swift */ = {isa = PBXFileReference; lastKnownFileType = sourcecode.swift; path = AnimationIOSUITests.swift; sourceTree = "<group>"; };
		FF13DB7826305D6100D7BFA8 /* Info.plist */ = {isa = PBXFileReference; lastKnownFileType = text.plist.xml; path = Info.plist; sourceTree = "<group>"; };
		FF70CAD9263D9D420017F5ED /* AntOneListener.swift */ = {isa = PBXFileReference; lastKnownFileType = sourcecode.swift; path = AntOneListener.swift; sourceTree = "<group>"; };
		FF70CAE1263D9DE20017F5ED /* AntTwoListener.swift */ = {isa = PBXFileReference; lastKnownFileType = sourcecode.swift; path = AntTwoListener.swift; sourceTree = "<group>"; };
/* End PBXFileReference section */

/* Begin PBXFrameworksBuildPhase section */
		FF13DB4E26305D5F00D7BFA8 /* Frameworks */ = {
			isa = PBXFrameworksBuildPhase;
			buildActionMask = 2147483647;
			files = (
				7B670CC3F71F3D65D345DF33 /* Pods_AnimationIOS.framework in Frameworks */,
			);
			runOnlyForDeploymentPostprocessing = 0;
		};
		FF13DB6426305D6100D7BFA8 /* Frameworks */ = {
			isa = PBXFrameworksBuildPhase;
			buildActionMask = 2147483647;
			files = (
				947B9DB9A9CE4F5AC6921971 /* Pods_AnimationIOSTests.framework in Frameworks */,
			);
			runOnlyForDeploymentPostprocessing = 0;
		};
		FF13DB6F26305D6100D7BFA8 /* Frameworks */ = {
			isa = PBXFrameworksBuildPhase;
			buildActionMask = 2147483647;
			files = (
				49092C86CE68684EC175B374 /* Pods_AnimationIOS_AnimationIOSUITests.framework in Frameworks */,
			);
			runOnlyForDeploymentPostprocessing = 0;
		};
/* End PBXFrameworksBuildPhase section */

/* Begin PBXGroup section */
		45695F558695AC3F9911677F /* Pods */ = {
			isa = PBXGroup;
			children = (
				0471672CE0A726711DE940C7 /* Pods-AnimationIOS.debug.xcconfig */,
				7BE64EB8F03BB7DB9AF312E1 /* Pods-AnimationIOS.release.xcconfig */,
				42602B5046D40898306EB55F /* Pods-AnimationIOS-AnimationIOSUITests.debug.xcconfig */,
				2F2A9B3276224695F0AD1B5D /* Pods-AnimationIOS-AnimationIOSUITests.release.xcconfig */,
				602A3B6745B5864DB3C0EF5E /* Pods-AnimationIOSTests.debug.xcconfig */,
				6F4F30470C31DE18D2EAAD54 /* Pods-AnimationIOSTests.release.xcconfig */,
			);
			path = Pods;
			sourceTree = "<group>";
		};
		5A0BC6D04ABCD6B1C49DDC63 /* Frameworks */ = {
			isa = PBXGroup;
			children = (
				76D72394653F177125CAF01E /* Pods_AnimationIOS.framework */,
				2C622E1E6E59B0B24041DD8E /* Pods_AnimationIOS_AnimationIOSUITests.framework */,
				FA9C44FA90FC470C9AFB4197 /* Pods_AnimationIOSTests.framework */,
			);
			name = Frameworks;
			sourceTree = "<group>";
		};
		FF13DB4826305D5F00D7BFA8 = {
			isa = PBXGroup;
			children = (
				FF13DB5326305D5F00D7BFA8 /* AnimationIOS */,
				FF13DB6A26305D6100D7BFA8 /* AnimationIOSTests */,
				FF13DB7526305D6100D7BFA8 /* AnimationIOSUITests */,
				FF13DB5226305D5F00D7BFA8 /* Products */,
				45695F558695AC3F9911677F /* Pods */,
				5A0BC6D04ABCD6B1C49DDC63 /* Frameworks */,
			);
			sourceTree = "<group>";
		};
		FF13DB5226305D5F00D7BFA8 /* Products */ = {
			isa = PBXGroup;
			children = (
				FF13DB5126305D5F00D7BFA8 /* AnimationIOS.app */,
				FF13DB6726305D6100D7BFA8 /* AnimationIOSTests.xctest */,
				FF13DB7226305D6100D7BFA8 /* AnimationIOSUITests.xctest */,
			);
			name = Products;
			sourceTree = "<group>";
		};
		FF13DB5326305D5F00D7BFA8 /* AnimationIOS */ = {
			isa = PBXGroup;
			children = (
				FF13DB5426305D5F00D7BFA8 /* AppDelegate.swift */,
				FF13DB5626305D5F00D7BFA8 /* SceneDelegate.swift */,
				FF13DB5826305D5F00D7BFA8 /* ViewController.swift */,
				FF13DB5A26305D5F00D7BFA8 /* Main.storyboard */,
				FF13DB5D26305D6000D7BFA8 /* Assets.xcassets */,
				FF13DB5F26305D6000D7BFA8 /* LaunchScreen.storyboard */,
				FF13DB6226305D6000D7BFA8 /* Info.plist */,
				FF70CAD9263D9D420017F5ED /* AntOneListener.swift */,
				FF70CAE1263D9DE20017F5ED /* AntTwoListener.swift */,
			);
			path = AnimationIOS;
			sourceTree = "<group>";
		};
		FF13DB6A26305D6100D7BFA8 /* AnimationIOSTests */ = {
			isa = PBXGroup;
			children = (
				FF13DB6B26305D6100D7BFA8 /* AnimationIOSTests.swift */,
				FF13DB6D26305D6100D7BFA8 /* Info.plist */,
			);
			path = AnimationIOSTests;
			sourceTree = "<group>";
		};
		FF13DB7526305D6100D7BFA8 /* AnimationIOSUITests */ = {
			isa = PBXGroup;
			children = (
				FF13DB7626305D6100D7BFA8 /* AnimationIOSUITests.swift */,
				FF13DB7826305D6100D7BFA8 /* Info.plist */,
			);
			path = AnimationIOSUITests;
			sourceTree = "<group>";
		};
/* End PBXGroup section */

/* Begin PBXNativeTarget section */
		FF13DB5026305D5F00D7BFA8 /* AnimationIOS */ = {
			isa = PBXNativeTarget;
			buildConfigurationList = FF13DB7B26305D6100D7BFA8 /* Build configuration list for PBXNativeTarget "AnimationIOS" */;
			buildPhases = (
				4485F5AD88CD90325F8CDD75 /* [CP] Check Pods Manifest.lock */,
				FF13DB4D26305D5F00D7BFA8 /* Sources */,
				FF13DB4E26305D5F00D7BFA8 /* Frameworks */,
				FF13DB4F26305D5F00D7BFA8 /* Resources */,
				A658BD70B14542445B5B3C32 /* [CP] Embed Pods Frameworks */,
			);
			buildRules = (
			);
			dependencies = (
			);
			name = AnimationIOS;
			productName = AnimationIOS;
			productReference = FF13DB5126305D5F00D7BFA8 /* AnimationIOS.app */;
			productType = "com.apple.product-type.application";
		};
		FF13DB6626305D6100D7BFA8 /* AnimationIOSTests */ = {
			isa = PBXNativeTarget;
			buildConfigurationList = FF13DB7E26305D6100D7BFA8 /* Build configuration list for PBXNativeTarget "AnimationIOSTests" */;
			buildPhases = (
				DDA5F23506F8A6CEB8F76A12 /* [CP] Check Pods Manifest.lock */,
				FF13DB6326305D6100D7BFA8 /* Sources */,
				FF13DB6426305D6100D7BFA8 /* Frameworks */,
				FF13DB6526305D6100D7BFA8 /* Resources */,
			);
			buildRules = (
			);
			dependencies = (
				FF13DB6926305D6100D7BFA8 /* PBXTargetDependency */,
			);
			name = AnimationIOSTests;
			productName = AnimationIOSTests;
			productReference = FF13DB6726305D6100D7BFA8 /* AnimationIOSTests.xctest */;
			productType = "com.apple.product-type.bundle.unit-test";
		};
		FF13DB7126305D6100D7BFA8 /* AnimationIOSUITests */ = {
			isa = PBXNativeTarget;
			buildConfigurationList = FF13DB8126305D6100D7BFA8 /* Build configuration list for PBXNativeTarget "AnimationIOSUITests" */;
			buildPhases = (
				02C74F7D1FDA100061FDEBDE /* [CP] Check Pods Manifest.lock */,
				FF13DB6E26305D6100D7BFA8 /* Sources */,
				FF13DB6F26305D6100D7BFA8 /* Frameworks */,
				FF13DB7026305D6100D7BFA8 /* Resources */,
				3BA27B951BFEE24D8E1C809C /* [CP] Embed Pods Frameworks */,
			);
			buildRules = (
			);
			dependencies = (
				FF13DB7426305D6100D7BFA8 /* PBXTargetDependency */,
			);
			name = AnimationIOSUITests;
			productName = AnimationIOSUITests;
			productReference = FF13DB7226305D6100D7BFA8 /* AnimationIOSUITests.xctest */;
			productType = "com.apple.product-type.bundle.ui-testing";
		};
/* End PBXNativeTarget section */

/* Begin PBXProject section */
		FF13DB4926305D5F00D7BFA8 /* Project object */ = {
			isa = PBXProject;
			attributes = {
				LastSwiftUpdateCheck = 1240;
				LastUpgradeCheck = 1240;
				TargetAttributes = {
					FF13DB5026305D5F00D7BFA8 = {
						CreatedOnToolsVersion = 12.4;
					};
					FF13DB6626305D6100D7BFA8 = {
						CreatedOnToolsVersion = 12.4;
						TestTargetID = FF13DB5026305D5F00D7BFA8;
					};
					FF13DB7126305D6100D7BFA8 = {
						CreatedOnToolsVersion = 12.4;
						TestTargetID = FF13DB5026305D5F00D7BFA8;
					};
				};
			};
			buildConfigurationList = FF13DB4C26305D5F00D7BFA8 /* Build configuration list for PBXProject "AnimationIOS" */;
			compatibilityVersion = "Xcode 9.3";
			developmentRegion = en;
			hasScannedForEncodings = 0;
			knownRegions = (
				en,
				Base,
			);
			mainGroup = FF13DB4826305D5F00D7BFA8;
			productRefGroup = FF13DB5226305D5F00D7BFA8 /* Products */;
			projectDirPath = "";
			projectRoot = "";
			targets = (
				FF13DB5026305D5F00D7BFA8 /* AnimationIOS */,
				FF13DB6626305D6100D7BFA8 /* AnimationIOSTests */,
				FF13DB7126305D6100D7BFA8 /* AnimationIOSUITests */,
			);
		};
/* End PBXProject section */

/* Begin PBXResourcesBuildPhase section */
		FF13DB4F26305D5F00D7BFA8 /* Resources */ = {
			isa = PBXResourcesBuildPhase;
			buildActionMask = 2147483647;
			files = (
				FF13DB6126305D6000D7BFA8 /* LaunchScreen.storyboard in Resources */,
				FF13DB5E26305D6000D7BFA8 /* Assets.xcassets in Resources */,
				FF13DB5C26305D5F00D7BFA8 /* Main.storyboard in Resources */,
			);
			runOnlyForDeploymentPostprocessing = 0;
		};
		FF13DB6526305D6100D7BFA8 /* Resources */ = {
			isa = PBXResourcesBuildPhase;
			buildActionMask = 2147483647;
			files = (
			);
			runOnlyForDeploymentPostprocessing = 0;
		};
		FF13DB7026305D6100D7BFA8 /* Resources */ = {
			isa = PBXResourcesBuildPhase;
			buildActionMask = 2147483647;
			files = (
			);
			runOnlyForDeploymentPostprocessing = 0;
		};
/* End PBXResourcesBuildPhase section */

/* Begin PBXShellScriptBuildPhase section */
		02C74F7D1FDA100061FDEBDE /* [CP] Check Pods Manifest.lock */ = {
			isa = PBXShellScriptBuildPhase;
			buildActionMask = 2147483647;
			files = (
			);
			inputFileListPaths = (
			);
			inputPaths = (
				"${PODS_PODFILE_DIR_PATH}/Podfile.lock",
				"${PODS_ROOT}/Manifest.lock",
			);
			name = "[CP] Check Pods Manifest.lock";
			outputFileListPaths = (
			);
			outputPaths = (
				"$(DERIVED_FILE_DIR)/Pods-AnimationIOS-AnimationIOSUITests-checkManifestLockResult.txt",
			);
			runOnlyForDeploymentPostprocessing = 0;
			shellPath = /bin/sh;
			shellScript = "diff \"${PODS_PODFILE_DIR_PATH}/Podfile.lock\" \"${PODS_ROOT}/Manifest.lock\" > /dev/null\nif [ $? != 0 ] ; then\n    # print error to STDERR\n    echo \"error: The sandbox is not in sync with the Podfile.lock. Run 'pod install' or update your CocoaPods installation.\" >&2\n    exit 1\nfi\n# This output is used by Xcode 'outputs' to avoid re-running this script phase.\necho \"SUCCESS\" > \"${SCRIPT_OUTPUT_FILE_0}\"\n";
			showEnvVarsInLog = 0;
		};
		3BA27B951BFEE24D8E1C809C /* [CP] Embed Pods Frameworks */ = {
			isa = PBXShellScriptBuildPhase;
			buildActionMask = 2147483647;
			files = (
			);
			inputFileListPaths = (
				"${PODS_ROOT}/Target Support Files/Pods-AnimationIOS-AnimationIOSUITests/Pods-AnimationIOS-AnimationIOSUITests-frameworks-${CONFIGURATION}-input-files.xcfilelist",
			);
			name = "[CP] Embed Pods Frameworks";
			outputFileListPaths = (
				"${PODS_ROOT}/Target Support Files/Pods-AnimationIOS-AnimationIOSUITests/Pods-AnimationIOS-AnimationIOSUITests-frameworks-${CONFIGURATION}-output-files.xcfilelist",
			);
			runOnlyForDeploymentPostprocessing = 0;
			shellPath = /bin/sh;
			shellScript = "\"${PODS_ROOT}/Target Support Files/Pods-AnimationIOS-AnimationIOSUITests/Pods-AnimationIOS-AnimationIOSUITests-frameworks.sh\"\n";
			showEnvVarsInLog = 0;
		};
		4485F5AD88CD90325F8CDD75 /* [CP] Check Pods Manifest.lock */ = {
			isa = PBXShellScriptBuildPhase;
			buildActionMask = 2147483647;
			files = (
			);
			inputFileListPaths = (
			);
			inputPaths = (
				"${PODS_PODFILE_DIR_PATH}/Podfile.lock",
				"${PODS_ROOT}/Manifest.lock",
			);
			name = "[CP] Check Pods Manifest.lock";
			outputFileListPaths = (
			);
			outputPaths = (
				"$(DERIVED_FILE_DIR)/Pods-AnimationIOS-checkManifestLockResult.txt",
			);
			runOnlyForDeploymentPostprocessing = 0;
			shellPath = /bin/sh;
			shellScript = "diff \"${PODS_PODFILE_DIR_PATH}/Podfile.lock\" \"${PODS_ROOT}/Manifest.lock\" > /dev/null\nif [ $? != 0 ] ; then\n    # print error to STDERR\n    echo \"error: The sandbox is not in sync with the Podfile.lock. Run 'pod install' or update your CocoaPods installation.\" >&2\n    exit 1\nfi\n# This output is used by Xcode 'outputs' to avoid re-running this script phase.\necho \"SUCCESS\" > \"${SCRIPT_OUTPUT_FILE_0}\"\n";
			showEnvVarsInLog = 0;
		};
		A658BD70B14542445B5B3C32 /* [CP] Embed Pods Frameworks */ = {
			isa = PBXShellScriptBuildPhase;
			buildActionMask = 2147483647;
			files = (
			);
			inputFileListPaths = (
				"${PODS_ROOT}/Target Support Files/Pods-AnimationIOS/Pods-AnimationIOS-frameworks-${CONFIGURATION}-input-files.xcfilelist",
			);
			name = "[CP] Embed Pods Frameworks";
			outputFileListPaths = (
				"${PODS_ROOT}/Target Support Files/Pods-AnimationIOS/Pods-AnimationIOS-frameworks-${CONFIGURATION}-output-files.xcfilelist",
			);
			runOnlyForDeploymentPostprocessing = 0;
			shellPath = /bin/sh;
			shellScript = "\"${PODS_ROOT}/Target Support Files/Pods-AnimationIOS/Pods-AnimationIOS-frameworks.sh\"\n";
			showEnvVarsInLog = 0;
		};
		DDA5F23506F8A6CEB8F76A12 /* [CP] Check Pods Manifest.lock */ = {
			isa = PBXShellScriptBuildPhase;
			buildActionMask = 2147483647;
			files = (
			);
			inputFileListPaths = (
			);
			inputPaths = (
				"${PODS_PODFILE_DIR_PATH}/Podfile.lock",
				"${PODS_ROOT}/Manifest.lock",
			);
			name = "[CP] Check Pods Manifest.lock";
			outputFileListPaths = (
			);
			outputPaths = (
				"$(DERIVED_FILE_DIR)/Pods-AnimationIOSTests-checkManifestLockResult.txt",
			);
			runOnlyForDeploymentPostprocessing = 0;
			shellPath = /bin/sh;
			shellScript = "diff \"${PODS_PODFILE_DIR_PATH}/Podfile.lock\" \"${PODS_ROOT}/Manifest.lock\" > /dev/null\nif [ $? != 0 ] ; then\n    # print error to STDERR\n    echo \"error: The sandbox is not in sync with the Podfile.lock. Run 'pod install' or update your CocoaPods installation.\" >&2\n    exit 1\nfi\n# This output is used by Xcode 'outputs' to avoid re-running this script phase.\necho \"SUCCESS\" > \"${SCRIPT_OUTPUT_FILE_0}\"\n";
			showEnvVarsInLog = 0;
		};
/* End PBXShellScriptBuildPhase section */

/* Begin PBXSourcesBuildPhase section */
		FF13DB4D26305D5F00D7BFA8 /* Sources */ = {
			isa = PBXSourcesBuildPhase;
			buildActionMask = 2147483647;
			files = (
				FF70CAE2263D9DE20017F5ED /* AntTwoListener.swift in Sources */,
				FF13DB5926305D5F00D7BFA8 /* ViewController.swift in Sources */,
				FF70CADA263D9D420017F5ED /* AntOneListener.swift in Sources */,
				FF13DB5526305D5F00D7BFA8 /* AppDelegate.swift in Sources */,
				FF13DB5726305D5F00D7BFA8 /* SceneDelegate.swift in Sources */,
			);
			runOnlyForDeploymentPostprocessing = 0;
		};
		FF13DB6326305D6100D7BFA8 /* Sources */ = {
			isa = PBXSourcesBuildPhase;
			buildActionMask = 2147483647;
			files = (
				FF13DB6C26305D6100D7BFA8 /* AnimationIOSTests.swift in Sources */,
			);
			runOnlyForDeploymentPostprocessing = 0;
		};
		FF13DB6E26305D6100D7BFA8 /* Sources */ = {
			isa = PBXSourcesBuildPhase;
			buildActionMask = 2147483647;
			files = (
				FF13DB7726305D6100D7BFA8 /* AnimationIOSUITests.swift in Sources */,
			);
			runOnlyForDeploymentPostprocessing = 0;
		};
/* End PBXSourcesBuildPhase section */

/* Begin PBXTargetDependency section */
		FF13DB6926305D6100D7BFA8 /* PBXTargetDependency */ = {
			isa = PBXTargetDependency;
			target = FF13DB5026305D5F00D7BFA8 /* AnimationIOS */;
			targetProxy = FF13DB6826305D6100D7BFA8 /* PBXContainerItemProxy */;
		};
		FF13DB7426305D6100D7BFA8 /* PBXTargetDependency */ = {
			isa = PBXTargetDependency;
			target = FF13DB5026305D5F00D7BFA8 /* AnimationIOS */;
			targetProxy = FF13DB7326305D6100D7BFA8 /* PBXContainerItemProxy */;
		};
/* End PBXTargetDependency section */

/* Begin PBXVariantGroup section */
		FF13DB5A26305D5F00D7BFA8 /* Main.storyboard */ = {
			isa = PBXVariantGroup;
			children = (
				FF13DB5B26305D5F00D7BFA8 /* Base */,
			);
			name = Main.storyboard;
			sourceTree = "<group>";
		};
		FF13DB5F26305D6000D7BFA8 /* LaunchScreen.storyboard */ = {
			isa = PBXVariantGroup;
			children = (
				FF13DB6026305D6000D7BFA8 /* Base */,
			);
			name = LaunchScreen.storyboard;
			sourceTree = "<group>";
		};
/* End PBXVariantGroup section */

/* Begin XCBuildConfiguration section */
		FF13DB7926305D6100D7BFA8 /* Debug */ = {
			isa = XCBuildConfiguration;
			buildSettings = {
				ALWAYS_SEARCH_USER_PATHS = NO;
				CLANG_ANALYZER_NONNULL = YES;
				CLANG_ANALYZER_NUMBER_OBJECT_CONVERSION = YES_AGGRESSIVE;
				CLANG_CXX_LANGUAGE_STANDARD = "gnu++14";
				CLANG_CXX_LIBRARY = "libc++";
				CLANG_ENABLE_MODULES = YES;
				CLANG_ENABLE_OBJC_ARC = YES;
				CLANG_ENABLE_OBJC_WEAK = YES;
				CLANG_WARN_BLOCK_CAPTURE_AUTORELEASING = YES;
				CLANG_WARN_BOOL_CONVERSION = YES;
				CLANG_WARN_COMMA = YES;
				CLANG_WARN_CONSTANT_CONVERSION = YES;
				CLANG_WARN_DEPRECATED_OBJC_IMPLEMENTATIONS = YES;
				CLANG_WARN_DIRECT_OBJC_ISA_USAGE = YES_ERROR;
				CLANG_WARN_DOCUMENTATION_COMMENTS = YES;
				CLANG_WARN_EMPTY_BODY = YES;
				CLANG_WARN_ENUM_CONVERSION = YES;
				CLANG_WARN_INFINITE_RECURSION = YES;
				CLANG_WARN_INT_CONVERSION = YES;
				CLANG_WARN_NON_LITERAL_NULL_CONVERSION = YES;
				CLANG_WARN_OBJC_IMPLICIT_RETAIN_SELF = YES;
				CLANG_WARN_OBJC_LITERAL_CONVERSION = YES;
				CLANG_WARN_OBJC_ROOT_CLASS = YES_ERROR;
				CLANG_WARN_QUOTED_INCLUDE_IN_FRAMEWORK_HEADER = YES;
				CLANG_WARN_RANGE_LOOP_ANALYSIS = YES;
				CLANG_WARN_STRICT_PROTOTYPES = YES;
				CLANG_WARN_SUSPICIOUS_MOVE = YES;
				CLANG_WARN_UNGUARDED_AVAILABILITY = YES_AGGRESSIVE;
				CLANG_WARN_UNREACHABLE_CODE = YES;
				CLANG_WARN__DUPLICATE_METHOD_MATCH = YES;
				COPY_PHASE_STRIP = NO;
				DEBUG_INFORMATION_FORMAT = dwarf;
				ENABLE_STRICT_OBJC_MSGSEND = YES;
				ENABLE_TESTABILITY = YES;
				GCC_C_LANGUAGE_STANDARD = gnu11;
				GCC_DYNAMIC_NO_PIC = NO;
				GCC_NO_COMMON_BLOCKS = YES;
				GCC_OPTIMIZATION_LEVEL = 0;
				GCC_PREPROCESSOR_DEFINITIONS = (
					"DEBUG=1",
					"$(inherited)",
				);
				GCC_WARN_64_TO_32_BIT_CONVERSION = YES;
				GCC_WARN_ABOUT_RETURN_TYPE = YES_ERROR;
				GCC_WARN_UNDECLARED_SELECTOR = YES;
				GCC_WARN_UNINITIALIZED_AUTOS = YES_AGGRESSIVE;
				GCC_WARN_UNUSED_FUNCTION = YES;
				GCC_WARN_UNUSED_VARIABLE = YES;
				IPHONEOS_DEPLOYMENT_TARGET = 14.4;
				MTL_ENABLE_DEBUG_INFO = INCLUDE_SOURCE;
				MTL_FAST_MATH = YES;
				ONLY_ACTIVE_ARCH = YES;
				SDKROOT = iphoneos;
				SWIFT_ACTIVE_COMPILATION_CONDITIONS = DEBUG;
				SWIFT_OPTIMIZATION_LEVEL = "-Onone";
			};
			name = Debug;
		};
		FF13DB7A26305D6100D7BFA8 /* Release */ = {
			isa = XCBuildConfiguration;
			buildSettings = {
				ALWAYS_SEARCH_USER_PATHS = NO;
				CLANG_ANALYZER_NONNULL = YES;
				CLANG_ANALYZER_NUMBER_OBJECT_CONVERSION = YES_AGGRESSIVE;
				CLANG_CXX_LANGUAGE_STANDARD = "gnu++14";
				CLANG_CXX_LIBRARY = "libc++";
				CLANG_ENABLE_MODULES = YES;
				CLANG_ENABLE_OBJC_ARC = YES;
				CLANG_ENABLE_OBJC_WEAK = YES;
				CLANG_WARN_BLOCK_CAPTURE_AUTORELEASING = YES;
				CLANG_WARN_BOOL_CONVERSION = YES;
				CLANG_WARN_COMMA = YES;
				CLANG_WARN_CONSTANT_CONVERSION = YES;
				CLANG_WARN_DEPRECATED_OBJC_IMPLEMENTATIONS = YES;
				CLANG_WARN_DIRECT_OBJC_ISA_USAGE = YES_ERROR;
				CLANG_WARN_DOCUMENTATION_COMMENTS = YES;
				CLANG_WARN_EMPTY_BODY = YES;
				CLANG_WARN_ENUM_CONVERSION = YES;
				CLANG_WARN_INFINITE_RECURSION = YES;
				CLANG_WARN_INT_CONVERSION = YES;
				CLANG_WARN_NON_LITERAL_NULL_CONVERSION = YES;
				CLANG_WARN_OBJC_IMPLICIT_RETAIN_SELF = YES;
				CLANG_WARN_OBJC_LITERAL_CONVERSION = YES;
				CLANG_WARN_OBJC_ROOT_CLASS = YES_ERROR;
				CLANG_WARN_QUOTED_INCLUDE_IN_FRAMEWORK_HEADER = YES;
				CLANG_WARN_RANGE_LOOP_ANALYSIS = YES;
				CLANG_WARN_STRICT_PROTOTYPES = YES;
				CLANG_WARN_SUSPICIOUS_MOVE = YES;
				CLANG_WARN_UNGUARDED_AVAILABILITY = YES_AGGRESSIVE;
				CLANG_WARN_UNREACHABLE_CODE = YES;
				CLANG_WARN__DUPLICATE_METHOD_MATCH = YES;
				COPY_PHASE_STRIP = NO;
				DEBUG_INFORMATION_FORMAT = "dwarf-with-dsym";
				ENABLE_NS_ASSERTIONS = NO;
				ENABLE_STRICT_OBJC_MSGSEND = YES;
				GCC_C_LANGUAGE_STANDARD = gnu11;
				GCC_NO_COMMON_BLOCKS = YES;
				GCC_WARN_64_TO_32_BIT_CONVERSION = YES;
				GCC_WARN_ABOUT_RETURN_TYPE = YES_ERROR;
				GCC_WARN_UNDECLARED_SELECTOR = YES;
				GCC_WARN_UNINITIALIZED_AUTOS = YES_AGGRESSIVE;
				GCC_WARN_UNUSED_FUNCTION = YES;
				GCC_WARN_UNUSED_VARIABLE = YES;
				IPHONEOS_DEPLOYMENT_TARGET = 14.4;
				MTL_ENABLE_DEBUG_INFO = NO;
				MTL_FAST_MATH = YES;
				SDKROOT = iphoneos;
				SWIFT_COMPILATION_MODE = wholemodule;
				SWIFT_OPTIMIZATION_LEVEL = "-O";
				VALIDATE_PRODUCT = YES;
			};
			name = Release;
		};
		FF13DB7C26305D6100D7BFA8 /* Debug */ = {
			isa = XCBuildConfiguration;
			baseConfigurationReference = 0471672CE0A726711DE940C7 /* Pods-AnimationIOS.debug.xcconfig */;
			buildSettings = {
				ASSETCATALOG_COMPILER_APPICON_NAME = AppIcon;
				ASSETCATALOG_COMPILER_GLOBAL_ACCENT_COLOR_NAME = AccentColor;
				CODE_SIGN_STYLE = Automatic;
				DEVELOPMENT_TEAM = HT46X4SNBR;
				INFOPLIST_FILE = AnimationIOS/Info.plist;
				LD_RUNPATH_SEARCH_PATHS = (
					"$(inherited)",
					"@executable_path/Frameworks",
				);
				PRODUCT_BUNDLE_IDENTIFIER = com.LearnIOS.AnimationIOS;
				PRODUCT_NAME = "$(TARGET_NAME)";
				SWIFT_VERSION = 5.0;
				TARGETED_DEVICE_FAMILY = "1,2";
			};
			name = Debug;
		};
		FF13DB7D26305D6100D7BFA8 /* Release */ = {
			isa = XCBuildConfiguration;
			baseConfigurationReference = 7BE64EB8F03BB7DB9AF312E1 /* Pods-AnimationIOS.release.xcconfig */;
			buildSettings = {
				ASSETCATALOG_COMPILER_APPICON_NAME = AppIcon;
				ASSETCATALOG_COMPILER_GLOBAL_ACCENT_COLOR_NAME = AccentColor;
				CODE_SIGN_STYLE = Automatic;
				DEVELOPMENT_TEAM = HT46X4SNBR;
				INFOPLIST_FILE = AnimationIOS/Info.plist;
				LD_RUNPATH_SEARCH_PATHS = (
					"$(inherited)",
					"@executable_path/Frameworks",
				);
				PRODUCT_BUNDLE_IDENTIFIER = com.LearnIOS.AnimationIOS;
				PRODUCT_NAME = "$(TARGET_NAME)";
				SWIFT_VERSION = 5.0;
				TARGETED_DEVICE_FAMILY = "1,2";
			};
			name = Release;
		};
		FF13DB7F26305D6100D7BFA8 /* Debug */ = {
			isa = XCBuildConfiguration;
			baseConfigurationReference = 602A3B6745B5864DB3C0EF5E /* Pods-AnimationIOSTests.debug.xcconfig */;
			buildSettings = {
				ALWAYS_EMBED_SWIFT_STANDARD_LIBRARIES = YES;
				BUNDLE_LOADER = "$(TEST_HOST)";
				CODE_SIGN_STYLE = Automatic;
				DEVELOPMENT_TEAM = HT46X4SNBR;
				INFOPLIST_FILE = AnimationIOSTests/Info.plist;
				IPHONEOS_DEPLOYMENT_TARGET = 14.4;
				LD_RUNPATH_SEARCH_PATHS = (
					"$(inherited)",
					"@executable_path/Frameworks",
					"@loader_path/Frameworks",
				);
				PRODUCT_BUNDLE_IDENTIFIER = com.LearnIOS.AnimationIOSTests;
				PRODUCT_NAME = "$(TARGET_NAME)";
				SWIFT_VERSION = 5.0;
				TARGETED_DEVICE_FAMILY = "1,2";
				TEST_HOST = "$(BUILT_PRODUCTS_DIR)/AnimationIOS.app/AnimationIOS";
			};
			name = Debug;
		};
		FF13DB8026305D6100D7BFA8 /* Release */ = {
			isa = XCBuildConfiguration;
			baseConfigurationReference = 6F4F30470C31DE18D2EAAD54 /* Pods-AnimationIOSTests.release.xcconfig */;
			buildSettings = {
				ALWAYS_EMBED_SWIFT_STANDARD_LIBRARIES = YES;
				BUNDLE_LOADER = "$(TEST_HOST)";
				CODE_SIGN_STYLE = Automatic;
				DEVELOPMENT_TEAM = HT46X4SNBR;
				INFOPLIST_FILE = AnimationIOSTests/Info.plist;
				IPHONEOS_DEPLOYMENT_TARGET = 14.4;
				LD_RUNPATH_SEARCH_PATHS = (
					"$(inherited)",
					"@executable_path/Frameworks",
					"@loader_path/Frameworks",
				);
				PRODUCT_BUNDLE_IDENTIFIER = com.LearnIOS.AnimationIOSTests;
				PRODUCT_NAME = "$(TARGET_NAME)";
				SWIFT_VERSION = 5.0;
				TARGETED_DEVICE_FAMILY = "1,2";
				TEST_HOST = "$(BUILT_PRODUCTS_DIR)/AnimationIOS.app/AnimationIOS";
			};
			name = Release;
		};
		FF13DB8226305D6100D7BFA8 /* Debug */ = {
			isa = XCBuildConfiguration;
			baseConfigurationReference = 42602B5046D40898306EB55F /* Pods-AnimationIOS-AnimationIOSUITests.debug.xcconfig */;
			buildSettings = {
				ALWAYS_EMBED_SWIFT_STANDARD_LIBRARIES = YES;
				CODE_SIGN_STYLE = Automatic;
				DEVELOPMENT_TEAM = HT46X4SNBR;
				INFOPLIST_FILE = AnimationIOSUITests/Info.plist;
				LD_RUNPATH_SEARCH_PATHS = (
					"$(inherited)",
					"@executable_path/Frameworks",
					"@loader_path/Frameworks",
				);
				PRODUCT_BUNDLE_IDENTIFIER = com.LearnIOS.AnimationIOSUITests;
				PRODUCT_NAME = "$(TARGET_NAME)";
				SWIFT_VERSION = 5.0;
				TARGETED_DEVICE_FAMILY = "1,2";
				TEST_TARGET_NAME = AnimationIOS;
			};
			name = Debug;
		};
		FF13DB8326305D6100D7BFA8 /* Release */ = {
			isa = XCBuildConfiguration;
			baseConfigurationReference = 2F2A9B3276224695F0AD1B5D /* Pods-AnimationIOS-AnimationIOSUITests.release.xcconfig */;
			buildSettings = {
				ALWAYS_EMBED_SWIFT_STANDARD_LIBRARIES = YES;
				CODE_SIGN_STYLE = Automatic;
				DEVELOPMENT_TEAM = HT46X4SNBR;
				INFOPLIST_FILE = AnimationIOSUITests/Info.plist;
				LD_RUNPATH_SEARCH_PATHS = (
					"$(inherited)",
					"@executable_path/Frameworks",
					"@loader_path/Frameworks",
				);
				PRODUCT_BUNDLE_IDENTIFIER = com.LearnIOS.AnimationIOSUITests;
				PRODUCT_NAME = "$(TARGET_NAME)";
				SWIFT_VERSION = 5.0;
				TARGETED_DEVICE_FAMILY = "1,2";
				TEST_TARGET_NAME = AnimationIOS;
			};
			name = Release;
		};
/* End XCBuildConfiguration section */

/* Begin XCConfigurationList section */
		FF13DB4C26305D5F00D7BFA8 /* Build configuration list for PBXProject "AnimationIOS" */ = {
			isa = XCConfigurationList;
			buildConfigurations = (
				FF13DB7926305D6100D7BFA8 /* Debug */,
				FF13DB7A26305D6100D7BFA8 /* Release */,
			);
			defaultConfigurationIsVisible = 0;
			defaultConfigurationName = Release;
		};
		FF13DB7B26305D6100D7BFA8 /* Build configuration list for PBXNativeTarget "AnimationIOS" */ = {
			isa = XCConfigurationList;
			buildConfigurations = (
				FF13DB7C26305D6100D7BFA8 /* Debug */,
				FF13DB7D26305D6100D7BFA8 /* Release */,
			);
			defaultConfigurationIsVisible = 0;
			defaultConfigurationName = Release;
		};
		FF13DB7E26305D6100D7BFA8 /* Build configuration list for PBXNativeTarget "AnimationIOSTests" */ = {
			isa = XCConfigurationList;
			buildConfigurations = (
				FF13DB7F26305D6100D7BFA8 /* Debug */,
				FF13DB8026305D6100D7BFA8 /* Release */,
			);
			defaultConfigurationIsVisible = 0;
			defaultConfigurationName = Release;
		};
		FF13DB8126305D6100D7BFA8 /* Build configuration list for PBXNativeTarget "AnimationIOSUITests" */ = {
			isa = XCConfigurationList;
			buildConfigurations = (
				FF13DB8226305D6100D7BFA8 /* Debug */,
				FF13DB8326305D6100D7BFA8 /* Release */,
			);
			defaultConfigurationIsVisible = 0;
			defaultConfigurationName = Release;
		};
/* End XCConfigurationList section */
	};
	rootObject = FF13DB4926305D5F00D7BFA8 /* Project object */;
}
